
Microsoft Visual Studio Solution File, Format Version 12.00
# Visual Studio Version 17
VisualStudioVersion = 17.14.36414.22 d17.14
MinimumVisualStudioVersion = 10.0.40219.1
Project("{8BC9CEB8-8B4A-11D0-8D11-00A0C91BC942}") = "dmd", "dmd.vcxproj", "{2CC88810-50D7-46E0-93F2-ABB26EA4C73F}"
EndProject
Global
	GlobalSection(SolutionConfigurationPlatforms) = preSolution
		Debug|x64 = Debug|x64
		Debug|x86 = Debug|x86
		Release|x64 = Release|x64
		Release|x86 = Release|x86
	EndGlobalSection
	GlobalSection(ProjectConfigurationPlatforms) = postSolution
		{2CC88810-50D7-46E0-93F2-ABB26EA4C73F}.Debug|x64.ActiveCfg = Debug|x64
		{2CC88810-50D7-46E0-93F2-ABB26EA4C73F}.Debug|x64.Build.0 = Debug|x64
		{2CC88810-50D7-46E0-93F2-ABB26EA4C73F}.Debug|x86.ActiveCfg = Debug|Win32
		{2CC88810-50D7-46E0-93F2-ABB26EA4C73F}.Debug|x86.Build.0 = Debug|Win32
		{2CC88810-50D7-46E0-93F2-ABB26EA4C73F}.Release|x64.ActiveCfg = Release|x64
		{2CC88810-50D7-46E0-93F2-ABB26EA4C73F}.Release|x64.Build.0 = Release|x64
		{2CC88810-50D7-46E0-93F2-ABB26EA4C73F}.Release|x86.ActiveCfg = Release|Win32
		{2CC88810-50D7-46E0-93F2-ABB26EA4C73F}.Release|x86.Build.0 = Release|Win32
	EndGlobalSection
	GlobalSection(SolutionProperties) = preSolution
		HideSolutionNode = FALSE
	EndGlobalSection
	GlobalSection(ExtensibilityGlobals) = postSolution
		SolutionGuid = {57F57A17-1DC9-4E21-986D-002D6FE98AC2}
	EndGlobalSection
EndGlobal
